
Microsoft Visual Studio Solution File, Format Version 12.00
Project("{2150E333-8FDC-42A3-9474-1A3956D46DE8}") = "src", "src", "{D520B779-FB8E-4FE7-9EF3-4F02B7F72FCA}"
EndProject
Project("{2150E333-8FDC-42A3-9474-1A3956D46DE8}") = "core", "core", "{CE898825-30C5-423E-AB97-D7618EE322E1}"
EndProject
Project("{2150E333-8FDC-42A3-9474-1A3956D46DE8}") = "server", "server", "{DFBB701A-B2B8-434A-8521-74296A568693}"
EndProject
Project("{2150E333-8FDC-42A3-9474-1A3956D46DE8}") = "tests", "tests", "{680F62FB-5696-42D6-8085-47351FE5A69E}"
EndProject
Project("{FAE04EC0-301F-11D3-BF4B-00C04F79EFBC}") = "Esig.Server.Api", "src\server\Esig.Server.Api\Esig.Server.Api.csproj", "{38C1E1C4-46DB-43FD-A20C-4B96BA20311B}"
EndProject
Project("{2150E333-8FDC-42A3-9474-1A3956D46DE8}") = "features", "features", "{E62DFF05-C089-44B3-869A-54B03E80D122}"
EndProject
Project("{FAE04EC0-301F-11D3-BF4B-00C04F79EFBC}") = "Esig.Features.Identity", "src\features\Esig.Features.Identity\Esig.Features.Identity.csproj", "{BA8FE98A-63C3-4CB6-9340-446D7F1F5212}"
EndProject
Project("{FAE04EC0-301F-11D3-BF4B-00C04F79EFBC}") = "Esig.Core.Abstractions", "src\core\Esig.Core.Abstractions\Esig.Core.Abstractions.csproj", "{78440756-D4F6-4CE4-BB6C-BDAA8850B742}"
EndProject
Project("{FAE04EC0-301F-11D3-BF4B-00C04F79EFBC}") = "Esig.Core.Data", "src\core\Esig.Core.Data\Esig.Core.Data.csproj", "{2F48A8F2-F1BD-4EF3-9F0B-D6F3522F7F9B}"
EndProject
Global
	GlobalSection(SolutionConfigurationPlatforms) = preSolution
		Debug|Any CPU = Debug|Any CPU
		Release|Any CPU = Release|Any CPU
	EndGlobalSection
	GlobalSection(NestedProjects) = preSolution
		{CE898825-30C5-423E-AB97-D7618EE322E1} = {D520B779-FB8E-4FE7-9EF3-4F02B7F72FCA}
		{DFBB701A-B2B8-434A-8521-74296A568693} = {D520B779-FB8E-4FE7-9EF3-4F02B7F72FCA}
		{38C1E1C4-46DB-43FD-A20C-4B96BA20311B} = {DFBB701A-B2B8-434A-8521-74296A568693}
		{E62DFF05-C089-44B3-869A-54B03E80D122} = {D520B779-FB8E-4FE7-9EF3-4F02B7F72FCA}
		{BA8FE98A-63C3-4CB6-9340-446D7F1F5212} = {E62DFF05-C089-44B3-869A-54B03E80D122}
		{78440756-D4F6-4CE4-BB6C-BDAA8850B742} = {CE898825-30C5-423E-AB97-D7618EE322E1}
		{2F48A8F2-F1BD-4EF3-9F0B-D6F3522F7F9B} = {CE898825-30C5-423E-AB97-D7618EE322E1}
	EndGlobalSection
	GlobalSection(ProjectConfigurationPlatforms) = postSolution
		{38C1E1C4-46DB-43FD-A20C-4B96BA20311B}.Debug|Any CPU.ActiveCfg = Debug|Any CPU
		{38C1E1C4-46DB-43FD-A20C-4B96BA20311B}.Debug|Any CPU.Build.0 = Debug|Any CPU
		{38C1E1C4-46DB-43FD-A20C-4B96BA20311B}.Release|Any CPU.ActiveCfg = Release|Any CPU
		{38C1E1C4-46DB-43FD-A20C-4B96BA20311B}.Release|Any CPU.Build.0 = Release|Any CPU
		{BA8FE98A-63C3-4CB6-9340-446D7F1F5212}.Debug|Any CPU.ActiveCfg = Debug|Any CPU
		{BA8FE98A-63C3-4CB6-9340-446D7F1F5212}.Debug|Any CPU.Build.0 = Debug|Any CPU
		{BA8FE98A-63C3-4CB6-9340-446D7F1F5212}.Release|Any CPU.ActiveCfg = Release|Any CPU
		{BA8FE98A-63C3-4CB6-9340-446D7F1F5212}.Release|Any CPU.Build.0 = Release|Any CPU
		{78440756-D4F6-4CE4-BB6C-BDAA8850B742}.Debug|Any CPU.ActiveCfg = Debug|Any CPU
		{78440756-D4F6-4CE4-BB6C-BDAA8850B742}.Debug|Any CPU.Build.0 = Debug|Any CPU
		{78440756-D4F6-4CE4-BB6C-BDAA8850B742}.Release|Any CPU.ActiveCfg = Release|Any CPU
		{78440756-D4F6-4CE4-BB6C-BDAA8850B742}.Release|Any CPU.Build.0 = Release|Any CPU
		{2F48A8F2-F1BD-4EF3-9F0B-D6F3522F7F9B}.Debug|Any CPU.ActiveCfg = Debug|Any CPU
		{2F48A8F2-F1BD-4EF3-9F0B-D6F3522F7F9B}.Debug|Any CPU.Build.0 = Debug|Any CPU
		{2F48A8F2-F1BD-4EF3-9F0B-D6F3522F7F9B}.Release|Any CPU.ActiveCfg = Release|Any CPU
		{2F48A8F2-F1BD-4EF3-9F0B-D6F3522F7F9B}.Release|Any CPU.Build.0 = Release|Any CPU
	EndGlobalSection
EndGlobal
